
Microsoft Visual Studio Solution File, Format Version 12.00
# Visual Studio Version 16
VisualStudioVersion = 16.0.31205.134
MinimumVisualStudioVersion = 10.0.40219.1
Project("{FAE04EC0-301F-11D3-BF4B-00C04F79EFBC}") = "Divider", "Divider\Divider.csproj", "{2CD8B0ED-29A2-4EFC-9D9F-504DE4FEECBC}"
EndProject
Global
	GlobalSection(SolutionConfigurationPlatforms) = preSolution
		Debug|Any CPU = Debug|Any CPU
		Release|Any CPU = Release|Any CPU
	EndGlobalSection
	GlobalSection(ProjectConfigurationPlatforms) = postSolution
		{2CD8B0ED-29A2-4EFC-9D9F-504DE4FEECBC}.Debug|Any CPU.ActiveCfg = Debug|Any CPU
		{2CD8B0ED-29A2-4EFC-9D9F-504DE4FEECBC}.Debug|Any CPU.Build.0 = Debug|Any CPU
		{2CD8B0ED-29A2-4EFC-9D9F-504DE4FEECBC}.Release|Any CPU.ActiveCfg = Release|Any CPU
		{2CD8B0ED-29A2-4EFC-9D9F-504DE4FEECBC}.Release|Any CPU.Build.0 = Release|Any CPU
	EndGlobalSection
	GlobalSection(SolutionProperties) = preSolution
		HideSolutionNode = FALSE
	EndGlobalSection
	GlobalSection(ExtensibilityGlobals) = postSolution
		SolutionGuid = {4C7B755A-D22C-4492-AD34-44118D93BE37}
	EndGlobalSection
EndGlobal
