
Microsoft Visual Studio Solution File, Format Version 12.00
# Visual Studio Version 16
VisualStudioVersion = 16.0.31205.134
MinimumVisualStudioVersion = 10.0.40219.1
Project("{FAE04EC0-301F-11D3-BF4B-00C04F79EFBC}") = "Constructors", "Constructors\Constructors.csproj", "{58FC5938-3A3C-45CC-8132-7494A5C7EB13}"
EndProject
Global
	GlobalSection(SolutionConfigurationPlatforms) = preSolution
		Debug|Any CPU = Debug|Any CPU
		Release|Any CPU = Release|Any CPU
	EndGlobalSection
	GlobalSection(ProjectConfigurationPlatforms) = postSolution
		{58FC5938-3A3C-45CC-8132-7494A5C7EB13}.Debug|Any CPU.ActiveCfg = Debug|Any CPU
		{58FC5938-3A3C-45CC-8132-7494A5C7EB13}.Debug|Any CPU.Build.0 = Debug|Any CPU
		{58FC5938-3A3C-45CC-8132-7494A5C7EB13}.Release|Any CPU.ActiveCfg = Release|Any CPU
		{58FC5938-3A3C-45CC-8132-7494A5C7EB13}.Release|Any CPU.Build.0 = Release|Any CPU
	EndGlobalSection
	GlobalSection(SolutionProperties) = preSolution
		HideSolutionNode = FALSE
	EndGlobalSection
	GlobalSection(ExtensibilityGlobals) = postSolution
		SolutionGuid = {2B375974-31A9-44AA-977F-2FF54DA5D7A9}
	EndGlobalSection
EndGlobal
