
Microsoft Visual Studio Solution File, Format Version 12.00
# Visual Studio Version 16
VisualStudioVersion = 16.0.31205.134
MinimumVisualStudioVersion = 10.0.40219.1
Project("{FAE04EC0-301F-11D3-BF4B-00C04F79EFBC}") = "FileDetails", "FileDetails\FileDetails.csproj", "{9D46B3F8-477C-416B-9B94-0C7F3708B8F6}"
EndProject
Global
	GlobalSection(SolutionConfigurationPlatforms) = preSolution
		Debug|Any CPU = Debug|Any CPU
		Release|Any CPU = Release|Any CPU
	EndGlobalSection
	GlobalSection(ProjectConfigurationPlatforms) = postSolution
		{9D46B3F8-477C-416B-9B94-0C7F3708B8F6}.Debug|Any CPU.ActiveCfg = Debug|Any CPU
		{9D46B3F8-477C-416B-9B94-0C7F3708B8F6}.Debug|Any CPU.Build.0 = Debug|Any CPU
		{9D46B3F8-477C-416B-9B94-0C7F3708B8F6}.Release|Any CPU.ActiveCfg = Release|Any CPU
		{9D46B3F8-477C-416B-9B94-0C7F3708B8F6}.Release|Any CPU.Build.0 = Release|Any CPU
	EndGlobalSection
	GlobalSection(SolutionProperties) = preSolution
		HideSolutionNode = FALSE
	EndGlobalSection
	GlobalSection(ExtensibilityGlobals) = postSolution
		SolutionGuid = {C3FDC367-C22F-4F0C-9E22-E923B82646E9}
	EndGlobalSection
EndGlobal
