
Microsoft Visual Studio Solution File, Format Version 12.00
# Visual Studio Version 16
VisualStudioVersion = 16.0.31205.134
MinimumVisualStudioVersion = 10.0.40219.1
Project("{FAE04EC0-301F-11D3-BF4B-00C04F79EFBC}") = "CopyFileUpper", "CopyFileUpper\CopyFileUpper.csproj", "{17D8BC32-17E5-4B46-AD12-F3F1C0F070E6}"
EndProject
Global
	GlobalSection(SolutionConfigurationPlatforms) = preSolution
		Debug|Any CPU = Debug|Any CPU
		Release|Any CPU = Release|Any CPU
	EndGlobalSection
	GlobalSection(ProjectConfigurationPlatforms) = postSolution
		{17D8BC32-17E5-4B46-AD12-F3F1C0F070E6}.Debug|Any CPU.ActiveCfg = Debug|Any CPU
		{17D8BC32-17E5-4B46-AD12-F3F1C0F070E6}.Debug|Any CPU.Build.0 = Debug|Any CPU
		{17D8BC32-17E5-4B46-AD12-F3F1C0F070E6}.Release|Any CPU.ActiveCfg = Release|Any CPU
		{17D8BC32-17E5-4B46-AD12-F3F1C0F070E6}.Release|Any CPU.Build.0 = Release|Any CPU
	EndGlobalSection
	GlobalSection(SolutionProperties) = preSolution
		HideSolutionNode = FALSE
	EndGlobalSection
	GlobalSection(ExtensibilityGlobals) = postSolution
		SolutionGuid = {EA1A29ED-7A2E-41C8-AAC3-9EA44E00D69D}
	EndGlobalSection
EndGlobal
