
Microsoft Visual Studio Solution File, Format Version 12.00
# Visual Studio Version 16
VisualStudioVersion = 16.0.31205.134
MinimumVisualStudioVersion = 10.0.40219.1
Project("{FAE04EC0-301F-11D3-BF4B-00C04F79EFBC}") = "Utility", "Utility\Utility.csproj", "{CCEBE396-E56F-48B5-B617-FA3022CD5EA5}"
EndProject
Global
	GlobalSection(SolutionConfigurationPlatforms) = preSolution
		Debug|Any CPU = Debug|Any CPU
		Release|Any CPU = Release|Any CPU
	EndGlobalSection
	GlobalSection(ProjectConfigurationPlatforms) = postSolution
		{CCEBE396-E56F-48B5-B617-FA3022CD5EA5}.Debug|Any CPU.ActiveCfg = Debug|Any CPU
		{CCEBE396-E56F-48B5-B617-FA3022CD5EA5}.Debug|Any CPU.Build.0 = Debug|Any CPU
		{CCEBE396-E56F-48B5-B617-FA3022CD5EA5}.Release|Any CPU.ActiveCfg = Release|Any CPU
		{CCEBE396-E56F-48B5-B617-FA3022CD5EA5}.Release|Any CPU.Build.0 = Release|Any CPU
	EndGlobalSection
	GlobalSection(SolutionProperties) = preSolution
		HideSolutionNode = FALSE
	EndGlobalSection
	GlobalSection(ExtensibilityGlobals) = postSolution
		SolutionGuid = {5900289B-10EF-4159-915F-C61D119E498B}
	EndGlobalSection
EndGlobal
